
Microsoft Visual Studio Solution File, Format Version 12.00
# 
Project("{FAE04EC0-301F-11D3-BF4B-00C04F79EFBC}") = "APBD11", "APBD11\APBD11.csproj", "{1ECE1C40-D0C2-4858-AE25-87FC81324FA6}"
EndProject
Project("{FAE04EC0-301F-11D3-BF4B-00C04F79EFBC}") = "Apbd11.Tests", "Apbd11.Tests\Apbd11.Tests.csproj", "{35E092F2-64F2-463A-B7D0-EE0018A9D46D}"
EndProject
Global
	GlobalSection(SolutionConfigurationPlatforms) = preSolution
		Debug|Any CPU = Debug|Any CPU
		Release|Any CPU = Release|Any CPU
	EndGlobalSection
	GlobalSection(ProjectConfigurationPlatforms) = postSolution
		{1ECE1C40-D0C2-4858-AE25-87FC81324FA6}.Debug|Any CPU.ActiveCfg = Debug|Any CPU
		{1ECE1C40-D0C2-4858-AE25-87FC81324FA6}.Debug|Any CPU.Build.0 = Debug|Any CPU
		{1ECE1C40-D0C2-4858-AE25-87FC81324FA6}.Release|Any CPU.ActiveCfg = Release|Any CPU
		{1ECE1C40-D0C2-4858-AE25-87FC81324FA6}.Release|Any CPU.Build.0 = Release|Any CPU
		{35E092F2-64F2-463A-B7D0-EE0018A9D46D}.Debug|Any CPU.ActiveCfg = Debug|Any CPU
		{35E092F2-64F2-463A-B7D0-EE0018A9D46D}.Debug|Any CPU.Build.0 = Debug|Any CPU
		{35E092F2-64F2-463A-B7D0-EE0018A9D46D}.Release|Any CPU.ActiveCfg = Release|Any CPU
		{35E092F2-64F2-463A-B7D0-EE0018A9D46D}.Release|Any CPU.Build.0 = Release|Any CPU
	EndGlobalSection
EndGlobal
